
Microsoft Visual Studio Solution File, Format Version 12.00
Project("{FAE04EC0-301F-11D3-BF4B-00C04F79EFBC}") = "Clean.WebApi", "Clean.WebApi\Clean.WebApi.csproj", "{0CD81862-1A29-46A5-8D4C-266996499B46}"
EndProject
Project("{FAE04EC0-301F-11D3-BF4B-00C04F79EFBC}") = "Clean.Application", "Clean.Application\Clean.Application.csproj", "{9C8FB991-7DFA-4CAC-8F2A-4B8A2344951D}"
EndProject
Project("{FAE04EC0-301F-11D3-BF4B-00C04F79EFBC}") = "Clean.Domain", "Clean.Domain\Clean.Domain.csproj", "{19731F7C-0FA0-4DFA-B957-8B4149B6F463}"
EndProject
Project("{FAE04EC0-301F-11D3-BF4B-00C04F79EFBC}") = "Clean.Infrastracture", "Clean.Infrastracture\Clean.Infrastracture.csproj", "{E087ADD2-D90C-4E40-9255-2188F12F1193}"
EndProject
Global
	GlobalSection(SolutionConfigurationPlatforms) = preSolution
		Debug|Any CPU = Debug|Any CPU
		Release|Any CPU = Release|Any CPU
	EndGlobalSection
	GlobalSection(ProjectConfigurationPlatforms) = postSolution
		{0CD81862-1A29-46A5-8D4C-266996499B46}.Debug|Any CPU.ActiveCfg = Debug|Any CPU
		{0CD81862-1A29-46A5-8D4C-266996499B46}.Debug|Any CPU.Build.0 = Debug|Any CPU
		{0CD81862-1A29-46A5-8D4C-266996499B46}.Release|Any CPU.ActiveCfg = Release|Any CPU
		{0CD81862-1A29-46A5-8D4C-266996499B46}.Release|Any CPU.Build.0 = Release|Any CPU
		{9C8FB991-7DFA-4CAC-8F2A-4B8A2344951D}.Debug|Any CPU.ActiveCfg = Debug|Any CPU
		{9C8FB991-7DFA-4CAC-8F2A-4B8A2344951D}.Debug|Any CPU.Build.0 = Debug|Any CPU
		{9C8FB991-7DFA-4CAC-8F2A-4B8A2344951D}.Release|Any CPU.ActiveCfg = Release|Any CPU
		{9C8FB991-7DFA-4CAC-8F2A-4B8A2344951D}.Release|Any CPU.Build.0 = Release|Any CPU
		{19731F7C-0FA0-4DFA-B957-8B4149B6F463}.Debug|Any CPU.ActiveCfg = Debug|Any CPU
		{19731F7C-0FA0-4DFA-B957-8B4149B6F463}.Debug|Any CPU.Build.0 = Debug|Any CPU
		{19731F7C-0FA0-4DFA-B957-8B4149B6F463}.Release|Any CPU.ActiveCfg = Release|Any CPU
		{19731F7C-0FA0-4DFA-B957-8B4149B6F463}.Release|Any CPU.Build.0 = Release|Any CPU
		{E087ADD2-D90C-4E40-9255-2188F12F1193}.Debug|Any CPU.ActiveCfg = Debug|Any CPU
		{E087ADD2-D90C-4E40-9255-2188F12F1193}.Debug|Any CPU.Build.0 = Debug|Any CPU
		{E087ADD2-D90C-4E40-9255-2188F12F1193}.Release|Any CPU.ActiveCfg = Release|Any CPU
		{E087ADD2-D90C-4E40-9255-2188F12F1193}.Release|Any CPU.Build.0 = Release|Any CPU
	EndGlobalSection
EndGlobal
